{
  "version": "4",
  "specifiers": {
    "jsr:@std/assert@1": "1.0.6",
    "jsr:@std/internal@^1.0.4": "1.0.4",
    "jsr:@workers/v8-value-serializer-core@~0.1.15": "0.1.15",
    "jsr:@workers/v8-value-serializer@*": "0.5.4",
    "npm:@types/node@*": "22.5.4",
    "npm:@ungap/structured-clone@*": "1.2.0",
    "npm:@worker-tools/structured-json@*": "0.1.0-pre.4",
    "npm:cbor-x@*": "1.6.0",
    "npm:chart.js@*": "4.4.5",
    "npm:msgpackr@*": "1.11.0",
    "npm:serdes@*": "1.0.0"
  },
  "jsr": {
    "@std/assert@1.0.6": {
      "integrity": "1904c05806a25d94fe791d6d883b685c9e2dcd60e4f9fc30f4fc5cf010c72207",
      "dependencies": [
        "jsr:@std/internal"
      ]
    },
    "@std/internal@1.0.4": {
      "integrity": "62e8e4911527e5e4f307741a795c0b0a9e6958d0b3790716ae71ce085f755422"
    },
    "@workers/v8-value-serializer@0.5.4": {
      "integrity": "486e22ce8a490fcda84c8a4623a88e90afe3290df13e1b0ab66dedcd328de5c0",
      "dependencies": [
        "jsr:@workers/v8-value-serializer-core"
      ]
    },
    "@workers/v8-value-serializer-core@0.1.15": {
      "integrity": "d7cd14a4e7bcd8fa94dd337e201c60ee456dd527fcc5f486aab8451a6acff62e"
    }
  },
  "npm": {
    "@cbor-extract/cbor-extract-darwin-arm64@2.2.0": {
      "integrity": "sha512-P7swiOAdF7aSi0H+tHtHtr6zrpF3aAq/W9FXx5HektRvLTM2O89xCyXF3pk7pLc7QpaY7AoaE8UowVf9QBdh3w=="
    },
    "@cbor-extract/cbor-extract-darwin-x64@2.2.0": {
      "integrity": "sha512-1liF6fgowph0JxBbYnAS7ZlqNYLf000Qnj4KjqPNW4GViKrEql2MgZnAsExhY9LSy8dnvA4C0qHEBgPrll0z0w=="
    },
    "@cbor-extract/cbor-extract-linux-arm64@2.2.0": {
      "integrity": "sha512-rQvhNmDuhjTVXSPFLolmQ47/ydGOFXtbR7+wgkSY0bdOxCFept1hvg59uiLPT2fVDuJFuEy16EImo5tE2x3RsQ=="
    },
    "@cbor-extract/cbor-extract-linux-arm@2.2.0": {
      "integrity": "sha512-QeBcBXk964zOytiedMPQNZr7sg0TNavZeuUCD6ON4vEOU/25+pLhNN6EDIKJ9VLTKaZ7K7EaAriyYQ1NQ05s/Q=="
    },
    "@cbor-extract/cbor-extract-linux-x64@2.2.0": {
      "integrity": "sha512-cWLAWtT3kNLHSvP4RKDzSTX9o0wvQEEAj4SKvhWuOVZxiDAeQazr9A+PSiRILK1VYMLeDml89ohxCnUNQNQNCw=="
    },
    "@cbor-extract/cbor-extract-win32-x64@2.2.0": {
      "integrity": "sha512-l2M+Z8DO2vbvADOBNLbbh9y5ST1RY5sqkWOg/58GkUPBYou/cuNZ68SGQ644f1CvZ8kcOxyZtw06+dxWHIoN/w=="
    },
    "@kurkle/color@0.3.2": {
      "integrity": "sha512-fuscdXJ9G1qb7W8VdHi+IwRqij3lBkosAm4ydQtEmbY58OzHXqQhvlxqEkoz0yssNVn38bcpRWgA9PP+OGoisw=="
    },
    "@msgpackr-extract/msgpackr-extract-darwin-arm64@3.0.3": {
      "integrity": "sha512-QZHtlVgbAdy2zAqNA9Gu1UpIuI8Xvsd1v8ic6B2pZmeFnFcMWiPLfWXh7TVw4eGEZ/C9TH281KwhVoeQUKbyjw=="
    },
    "@msgpackr-extract/msgpackr-extract-darwin-x64@3.0.3": {
      "integrity": "sha512-mdzd3AVzYKuUmiWOQ8GNhl64/IoFGol569zNRdkLReh6LRLHOXxU4U8eq0JwaD8iFHdVGqSy4IjFL4reoWCDFw=="
    },
    "@msgpackr-extract/msgpackr-extract-linux-arm64@3.0.3": {
      "integrity": "sha512-YxQL+ax0XqBJDZiKimS2XQaf+2wDGVa1enVRGzEvLLVFeqa5kx2bWbtcSXgsxjQB7nRqqIGFIcLteF/sHeVtQg=="
    },
    "@msgpackr-extract/msgpackr-extract-linux-arm@3.0.3": {
      "integrity": "sha512-fg0uy/dG/nZEXfYilKoRe7yALaNmHoYeIoJuJ7KJ+YyU2bvY8vPv27f7UKhGRpY6euFYqEVhxCFZgAUNQBM3nw=="
    },
    "@msgpackr-extract/msgpackr-extract-linux-x64@3.0.3": {
      "integrity": "sha512-cvwNfbP07pKUfq1uH+S6KJ7dT9K8WOE4ZiAcsrSes+UY55E/0jLYc+vq+DO7jlmqRb5zAggExKm0H7O/CBaesg=="
    },
    "@msgpackr-extract/msgpackr-extract-win32-x64@3.0.3": {
      "integrity": "sha512-x0fWaQtYp4E6sktbsdAqnehxDgEc/VwM7uLsRCYWaiGu0ykYdZPiS8zCWdnjHwyiumousxfBm4SO31eXqwEZhQ=="
    },
    "@types/node@22.5.4": {
      "integrity": "sha512-FDuKUJQm/ju9fT/SeX/6+gBzoPzlVCzfzmGkwKvRHQVxi4BntVbyIwf6a4Xn62mrvndLiml6z/UBXIdEVjQLXg==",
      "dependencies": [
        "undici-types"
      ]
    },
    "@ungap/structured-clone@1.2.0": {
      "integrity": "sha512-zuVdFrMJiuCDQUMCzQaD6KL28MjnqqN8XnAqiEq9PNm/hCPTSGfrXCOfwj1ow4LFb/tNymJPwsNbVePc1xFqrQ=="
    },
    "@worker-tools/structured-json@0.1.0-pre.4": {
      "integrity": "sha512-5Nu0L/1lS9bnui+pqVZn8uRg9HWWQyYfr0zwtO1GVojzom5AFS1l/Zw9UOVILFkNM+HwsOljOv2Q+5VQU/lTTA==",
      "dependencies": [
        "typeson",
        "typeson-registry"
      ]
    },
    "base64-arraybuffer-es6@1.0.0": {
      "integrity": "sha512-cPau+CwFZLR/HeQrOCWhbmGcUiyfl8kvnKoazNX9zW/Tn7nKJCRe9Vfz2qOEf/rODgCTCvvCXMf0acV8vB0uOw=="
    },
    "cbor-extract@2.2.0": {
      "integrity": "sha512-Ig1zM66BjLfTXpNgKpvBePq271BPOvu8MR0Jl080yG7Jsl+wAZunfrwiwA+9ruzm/WEdIV5QF/bjDZTqyAIVHA==",
      "dependencies": [
        "@cbor-extract/cbor-extract-darwin-arm64",
        "@cbor-extract/cbor-extract-darwin-x64",
        "@cbor-extract/cbor-extract-linux-arm",
        "@cbor-extract/cbor-extract-linux-arm64",
        "@cbor-extract/cbor-extract-linux-x64",
        "@cbor-extract/cbor-extract-win32-x64",
        "node-gyp-build-optional-packages@5.1.1"
      ]
    },
    "cbor-x@1.6.0": {
      "integrity": "sha512-0kareyRwHSkL6ws5VXHEf8uY1liitysCVJjlmhaLG+IXLqhSaOO+t63coaso7yjwEzWZzLy8fJo06gZDVQM9Qg==",
      "dependencies": [
        "cbor-extract"
      ]
    },
    "chart.js@4.4.5": {
      "integrity": "sha512-CVVjg1RYTJV9OCC8WeJPMx8gsV8K6WIyIEQUE3ui4AR9Hfgls9URri6Ja3hyMVBbTF8Q2KFa19PE815gWcWhng==",
      "dependencies": [
        "@kurkle/color"
      ]
    },
    "detect-libc@2.0.3": {
      "integrity": "sha512-bwy0MGW55bG41VqxxypOsdSdGqLwXPI/focwgTYCFMbdUiBAxLg9CFzG08sz2aqzknwiX7Hkl0bQENjg8iLByw=="
    },
    "msgpackr-extract@3.0.3": {
      "integrity": "sha512-P0efT1C9jIdVRefqjzOQ9Xml57zpOXnIuS+csaB4MdZbTdmGDLo8XhzBG1N7aO11gKDDkJvBLULeFTo46wwreA==",
      "dependencies": [
        "@msgpackr-extract/msgpackr-extract-darwin-arm64",
        "@msgpackr-extract/msgpackr-extract-darwin-x64",
        "@msgpackr-extract/msgpackr-extract-linux-arm",
        "@msgpackr-extract/msgpackr-extract-linux-arm64",
        "@msgpackr-extract/msgpackr-extract-linux-x64",
        "@msgpackr-extract/msgpackr-extract-win32-x64",
        "node-gyp-build-optional-packages@5.2.2"
      ]
    },
    "msgpackr@1.11.0": {
      "integrity": "sha512-I8qXuuALqJe5laEBYoFykChhSXLikZmUhccjGsPuSJ/7uPip2TJ7lwdIQwWSAi0jGZDXv4WOP8Qg65QZRuXxXw==",
      "dependencies": [
        "msgpackr-extract"
      ]
    },
    "node-gyp-build-optional-packages@5.1.1": {
      "integrity": "sha512-+P72GAjVAbTxjjwUmwjVrqrdZROD4nf8KgpBoDxqXXTiYZZt/ud60dE5yvCSr9lRO8e8yv6kgJIC0K0PfZFVQw==",
      "dependencies": [
        "detect-libc"
      ]
    },
    "node-gyp-build-optional-packages@5.2.2": {
      "integrity": "sha512-s+w+rBWnpTMwSFbaE0UXsRlg7hU4FjekKU4eyAih5T8nJuNZT1nNsskXpxmeqSK9UzkBl6UgRlnKc8hz8IEqOw==",
      "dependencies": [
        "detect-libc"
      ]
    },
    "punycode@2.3.1": {
      "integrity": "sha512-vYt7UD1U9Wg6138shLtLOvdAu+8DsC/ilFtEVHcH+wydcSpNE20AfSOduf6MkRFahL5FY7X1oU7nKVZFtfq8Fg=="
    },
    "serdes@1.0.0": {
      "integrity": "sha512-/m/xDx/BREwSHoKvTFGdBQRaXxeDj2KS+kKbMR2QqegL3udeAF8iNQFDpkldU/u0HYPmYKjlmNQYINPLjC+Whg=="
    },
    "tr46@3.0.0": {
      "integrity": "sha512-l7FvfAHlcmulp8kr+flpQZmVwtu7nfRV7NZujtN0OqES8EL4O4e0qqzL0DC5gAvx/ZC/9lk6rhcUwYvkBnBnYA==",
      "dependencies": [
        "punycode"
      ]
    },
    "typeson-registry@3.0.0": {
      "integrity": "sha512-xPBsm6LhQnU2HOQq1770MjbtIXMd7s7Q7VWFyexe9hRVSIvx+PXPXh/Snh2+HgT6fffxAADVHIBCSjrVrsbrhw==",
      "dependencies": [
        "base64-arraybuffer-es6",
        "typeson",
        "whatwg-url"
      ]
    },
    "typeson@7.0.2": {
      "integrity": "sha512-Rc/BXqUq+pgAc9D3Na+A2iiTlenfzZW9VA2H9DzpYWKOqUMwUaLyu6OQWXCIEiFs1AQ6Fssbed1/subMY/cEag=="
    },
    "undici-types@6.19.8": {
      "integrity": "sha512-ve2KP6f/JnbPBFyobGHuerC9g1FYGn/F8n1LWTwNxCEzd6IfqTwUQcNXgEtmmQ6DlRrC1hrSrBnCZPokRrDHjw=="
    },
    "webidl-conversions@7.0.0": {
      "integrity": "sha512-VwddBukDzu71offAQR975unBIGqfKZpM+8ZX6ySk8nYhVoo5CYaZyzt3YBvYtRtO+aoGlqxPg/B87NGVZ/fu6g=="
    },
    "whatwg-url@11.0.0": {
      "integrity": "sha512-RKT8HExMpoYx4igMiVMY83lN6UeITKJlBQ+vR/8ZJ8OCdSiN3RwCq+9gH0+Xzj0+5IrM6i4j/6LuvzbZIQgEcQ==",
      "dependencies": [
        "tr46",
        "webidl-conversions"
      ]
    }
  },
  "redirects": {
    "https://deno.land/x/canvas/mod.ts": "https://deno.land/x/canvas@v1.4.2/mod.ts"
  },
  "remote": {
    "https://deno.land/std@0.106.0/encoding/base64.ts": "eecae390f1f1d1cae6f6c6d732ede5276bf4b9cd29b1d281678c054dc5cc009e",
    "https://deno.land/x/canvas@v1.4.2/deps.ts": "e956026d98094946166e06d7b799290b732db015813870d84e04e33ab88e98f3",
    "https://deno.land/x/canvas@v1.4.2/mod.ts": "a4e16972647ceafef58612a377a218372454c99d2c9da615a132694597114f80",
    "https://deno.land/x/canvas@v1.4.2/src/base64.ts": "0928031fdba0c43b617154fbe2eb7578366460c04da1422933ae5e936d3d0349",
    "https://deno.land/x/canvas@v1.4.2/src/canvas.ts": "58119999b04f68ebeed2627485c5c24c5b0c029707edde0b6568814f9049a3a8",
    "https://deno.land/x/canvas@v1.4.2/src/canvaskit.ts": "c3d807472cbb3e1d9fc01bb43ff974ef796c4b010178d1595be5fa793cce5e7d",
    "https://deno.land/x/canvas@v1.4.2/src/color_util.ts": "28f1072f0a5acbe7add7fac2f452311a47b44c080806fc4057de2d2e405c6c1c",
    "https://deno.land/x/canvas@v1.4.2/src/lib.js": "55c4064064870313439dd7ef5297374cb0cbed2dc815bd064c3ace6e067753b0",
    "https://deno.land/x/canvas@v1.4.2/src/types.ts": "67d5800f8f4b0a407e0251676a03ae91b5f50a3ed53e6b72dc5984113cb93128",
    "https://deno.land/x/canvas@v1.4.2/src/wasm.js": "449d72cc14fc4142a5853f944df49a744d852981d09c5515528ede8aebb0afda"
  },
  "workspace": {
    "dependencies": [
      "jsr:@std/assert@1"
    ]
  }
}
